version = 1
revision = 3
requires-python = ">=3.7"
resolution-markers = [
    "python_full_version >= '3.10'",
    "python_full_version == '3.9.*'",
    "python_full_version == '3.8.*'",
    "python_full_version < '3.8'",
]

[[package]]
name = "pycksum"
version = "0.4.8"
source = { editable = "." }
